
Microsoft Visual Studio Solution File, Format Version 12.00
# Visual Studio Version 17
VisualStudioVersion = 17.14.36203.30
MinimumVisualStudioVersion = 10.0.40219.1
Project("{FAE04EC0-301F-11D3-BF4B-00C04F79EFBC}") = "CleanArchitecture_2025.Domain", "CleanArchitecture_2025.Domain\CleanArchitecture_2025.Domain.csproj", "{F6EEA94F-F9CE-464B-ABD3-E252F4748902}"
EndProject
Project("{FAE04EC0-301F-11D3-BF4B-00C04F79EFBC}") = "CleanArchitecture_2025.Application", "CleanArchitecture_2025.Application\CleanArchitecture_2025.Application.csproj", "{0F8C596D-8865-4279-ACFE-B192E8BEFABA}"
EndProject
Project("{FAE04EC0-301F-11D3-BF4B-00C04F79EFBC}") = "CleanArchitecture_2025.Infrastructure", "CleanArchitecture_2025.Infrastructure\CleanArchitecture_2025.Infrastructure.csproj", "{04CBC08E-E923-44ED-8CEA-8A93F48C9354}"
EndProject
Global
	GlobalSection(SolutionConfigurationPlatforms) = preSolution
		Debug|Any CPU = Debug|Any CPU
		Release|Any CPU = Release|Any CPU
	EndGlobalSection
	GlobalSection(ProjectConfigurationPlatforms) = postSolution
		{F6EEA94F-F9CE-464B-ABD3-E252F4748902}.Debug|Any CPU.ActiveCfg = Debug|Any CPU
		{F6EEA94F-F9CE-464B-ABD3-E252F4748902}.Debug|Any CPU.Build.0 = Debug|Any CPU
		{F6EEA94F-F9CE-464B-ABD3-E252F4748902}.Release|Any CPU.ActiveCfg = Release|Any CPU
		{F6EEA94F-F9CE-464B-ABD3-E252F4748902}.Release|Any CPU.Build.0 = Release|Any CPU
		{0F8C596D-8865-4279-ACFE-B192E8BEFABA}.Debug|Any CPU.ActiveCfg = Debug|Any CPU
		{0F8C596D-8865-4279-ACFE-B192E8BEFABA}.Debug|Any CPU.Build.0 = Debug|Any CPU
		{0F8C596D-8865-4279-ACFE-B192E8BEFABA}.Release|Any CPU.ActiveCfg = Release|Any CPU
		{0F8C596D-8865-4279-ACFE-B192E8BEFABA}.Release|Any CPU.Build.0 = Release|Any CPU
		{04CBC08E-E923-44ED-8CEA-8A93F48C9354}.Debug|Any CPU.ActiveCfg = Debug|Any CPU
		{04CBC08E-E923-44ED-8CEA-8A93F48C9354}.Debug|Any CPU.Build.0 = Debug|Any CPU
		{04CBC08E-E923-44ED-8CEA-8A93F48C9354}.Release|Any CPU.ActiveCfg = Release|Any CPU
		{04CBC08E-E923-44ED-8CEA-8A93F48C9354}.Release|Any CPU.Build.0 = Release|Any CPU
	EndGlobalSection
	GlobalSection(SolutionProperties) = preSolution
		HideSolutionNode = FALSE
	EndGlobalSection
	GlobalSection(ExtensibilityGlobals) = postSolution
		SolutionGuid = {38B6783B-4B60-4902-831B-C9D135994D1F}
	EndGlobalSection
EndGlobal
